
Microsoft Visual Studio Solution File, Format Version 12.00
# Visual Studio Version 17
VisualStudioVersion = 17.4.33122.133
MinimumVisualStudioVersion = 10.0.40219.1
Project("{FAE04EC0-301F-11D3-BF4B-00C04F79EFBC}") = "project 6", "project 6.csproj", "{C61A9CDD-BF6E-4B30-AC27-8574F8F7EBA5}"
EndProject
Global
	GlobalSection(SolutionConfigurationPlatforms) = preSolution
		Debug|Any CPU = Debug|Any CPU
		Release|Any CPU = Release|Any CPU
	EndGlobalSection
	GlobalSection(ProjectConfigurationPlatforms) = postSolution
		{C61A9CDD-BF6E-4B30-AC27-8574F8F7EBA5}.Debug|Any CPU.ActiveCfg = Debug|Any CPU
		{C61A9CDD-BF6E-4B30-AC27-8574F8F7EBA5}.Debug|Any CPU.Build.0 = Debug|Any CPU
		{C61A9CDD-BF6E-4B30-AC27-8574F8F7EBA5}.Release|Any CPU.ActiveCfg = Release|Any CPU
		{C61A9CDD-BF6E-4B30-AC27-8574F8F7EBA5}.Release|Any CPU.Build.0 = Release|Any CPU
	EndGlobalSection
	GlobalSection(SolutionProperties) = preSolution
		HideSolutionNode = FALSE
	EndGlobalSection
	GlobalSection(ExtensibilityGlobals) = postSolution
		SolutionGuid = {4998D2F0-D0D1-4763-8F98-A0B8ACE2D7F6}
	EndGlobalSection
EndGlobal
